
Microsoft Visual Studio Solution File, Format Version 12.00
# Visual Studio Version 16
VisualStudioVersion = 16.0.30804.86
MinimumVisualStudioVersion = 10.0.40219.1
Project("{FAE04EC0-301F-11D3-BF4B-00C04F79EFBC}") = "Glitch", "Glitch.csproj", "{C90C0DE3-BE9A-4C4F-B6EA-8FD866787289}"
EndProject
Project("{FAE04EC0-301F-11D3-BF4B-00C04F79EFBC}") = "Glitch.Installer", "..\Glitch.Installer\Glitch.Installer.csproj", "{AB9B25E1-7E27-467D-AC4B-39DFF4F71391}"
EndProject
Project("{FAE04EC0-301F-11D3-BF4B-00C04F79EFBC}") = "Glitch.Desktop", "..\Glitch.Desktop\Glitch.Desktop.csproj", "{4924FF2F-79EF-4B5C-9694-61BD6F358C02}"
EndProject
Global
	GlobalSection(SolutionConfigurationPlatforms) = preSolution
		Debug|Any CPU = Debug|Any CPU
		Release|Any CPU = Release|Any CPU
	EndGlobalSection
	GlobalSection(ProjectConfigurationPlatforms) = postSolution
		{C90C0DE3-BE9A-4C4F-B6EA-8FD866787289}.Debug|Any CPU.ActiveCfg = Debug|Any CPU
		{C90C0DE3-BE9A-4C4F-B6EA-8FD866787289}.Debug|Any CPU.Build.0 = Debug|Any CPU
		{C90C0DE3-BE9A-4C4F-B6EA-8FD866787289}.Release|Any CPU.ActiveCfg = Release|Any CPU
		{C90C0DE3-BE9A-4C4F-B6EA-8FD866787289}.Release|Any CPU.Build.0 = Release|Any CPU
		{AB9B25E1-7E27-467D-AC4B-39DFF4F71391}.Debug|Any CPU.ActiveCfg = Debug|Any CPU
		{AB9B25E1-7E27-467D-AC4B-39DFF4F71391}.Debug|Any CPU.Build.0 = Debug|Any CPU
		{AB9B25E1-7E27-467D-AC4B-39DFF4F71391}.Release|Any CPU.ActiveCfg = Release|Any CPU
		{AB9B25E1-7E27-467D-AC4B-39DFF4F71391}.Release|Any CPU.Build.0 = Release|Any CPU
		{4924FF2F-79EF-4B5C-9694-61BD6F358C02}.Debug|Any CPU.ActiveCfg = Debug|Any CPU
		{4924FF2F-79EF-4B5C-9694-61BD6F358C02}.Debug|Any CPU.Build.0 = Debug|Any CPU
		{4924FF2F-79EF-4B5C-9694-61BD6F358C02}.Release|Any CPU.ActiveCfg = Release|Any CPU
		{4924FF2F-79EF-4B5C-9694-61BD6F358C02}.Release|Any CPU.Build.0 = Release|Any CPU
	EndGlobalSection
	GlobalSection(SolutionProperties) = preSolution
		HideSolutionNode = FALSE
	EndGlobalSection
	GlobalSection(ExtensibilityGlobals) = postSolution
		SolutionGuid = {F1E81B53-9747-4205-8026-F43005A97278}
	EndGlobalSection
EndGlobal
